// !$*UTF8*$!
{
	archiveVersion = 1;
	classes = {
	};
	objectVersion = 56;
	objects = {

/* Begin PBXBuildFile section */
		550FB60C2C20C9D300CAF47F /* FlightBarApp.swift in Sources */ = {isa = PBXBuildFile; fileRef = 550FB60B2C20C9D300CAF47F /* FlightBarApp.swift */; };
		550FB60E2C20C9D300CAF47F /* ContentView.swift in Sources */ = {isa = PBXBuildFile; fileRef = 550FB60D2C20C9D300CAF47F /* ContentView.swift */; };
		550FB6102C20C9D400CAF47F /* Assets.xcassets in Resources */ = {isa = PBXBuildFile; fileRef = 550FB60F2C20C9D400CAF47F /* Assets.xcassets */; };
		550FB6132C20C9D400CAF47F /* Preview Assets.xcassets in Resources */ = {isa = PBXBuildFile; fileRef = 550FB6122C20C9D400CAF47F /* Preview Assets.xcassets */; };
		550FB61B2C214BA600CAF47F /* FlightViewModel.swift in Sources */ = {isa = PBXBuildFile; fileRef = 550FB61A2C214BA600CAF47F /* FlightViewModel.swift */; };
		5543793E2C23609B000AA9D9 /* Color.swift in Sources */ = {isa = PBXBuildFile; fileRef = 5543793D2C23609B000AA9D9 /* Color.swift */; };
		5585F20B2C222FC500F20A4B /* MenuBarView.swift in Sources */ = {isa = PBXBuildFile; fileRef = 5585F20A2C222FC500F20A4B /* MenuBarView.swift */; };
		5585F20D2C22300000F20A4B /* DetailsView.swift in Sources */ = {isa = PBXBuildFile; fileRef = 5585F20C2C22300000F20A4B /* DetailsView.swift */; };
/* End PBXBuildFile section */

/* Begin PBXFileReference section */
		550FB6082C20C9D300CAF47F /* FlightBar.app */ = {isa = PBXFileReference; explicitFileType = wrapper.application; includeInIndex = 0; path = FlightBar.app; sourceTree = BUILT_PRODUCTS_DIR; };
		550FB60B2C20C9D300CAF47F /* FlightBarApp.swift */ = {isa = PBXFileReference; lastKnownFileType = sourcecode.swift; path = FlightBarApp.swift; sourceTree = "<group>"; };
		550FB60D2C20C9D300CAF47F /* ContentView.swift */ = {isa = PBXFileReference; lastKnownFileType = sourcecode.swift; path = ContentView.swift; sourceTree = "<group>"; };
		550FB60F2C20C9D400CAF47F /* Assets.xcassets */ = {isa = PBXFileReference; lastKnownFileType = folder.assetcatalog; path = Assets.xcassets; sourceTree = "<group>"; };
		550FB6122C20C9D400CAF47F /* Preview Assets.xcassets */ = {isa = PBXFileReference; lastKnownFileType = folder.assetcatalog; path = "Preview Assets.xcassets"; sourceTree = "<group>"; };
		550FB6142C20C9D400CAF47F /* FlightBar.entitlements */ = {isa = PBXFileReference; lastKnownFileType = text.plist.entitlements; path = FlightBar.entitlements; sourceTree = "<group>"; };
		550FB61A2C214BA600CAF47F /* FlightViewModel.swift */ = {isa = PBXFileReference; lastKnownFileType = sourcecode.swift; path = FlightViewModel.swift; sourceTree = "<group>"; };
		550FB61C2C21543A00CAF47F /* Info.plist */ = {isa = PBXFileReference; lastKnownFileType = text.plist; path = Info.plist; sourceTree = "<group>"; };
		5543793D2C23609B000AA9D9 /* Color.swift */ = {isa = PBXFileReference; lastKnownFileType = sourcecode.swift; path = Color.swift; sourceTree = "<group>"; };
		5585F20A2C222FC500F20A4B /* MenuBarView.swift */ = {isa = PBXFileReference; lastKnownFileType = sourcecode.swift; path = MenuBarView.swift; sourceTree = "<group>"; };
		5585F20C2C22300000F20A4B /* DetailsView.swift */ = {isa = PBXFileReference; lastKnownFileType = sourcecode.swift; path = DetailsView.swift; sourceTree = "<group>"; };
/* End PBXFileReference section */

/* Begin PBXFrameworksBuildPhase section */
		550FB6052C20C9D300CAF47F /* Frameworks */ = {
			isa = PBXFrameworksBuildPhase;
			buildActionMask = 2147483647;
			files = (
			);
			runOnlyForDeploymentPostprocessing = 0;
		};
/* End PBXFrameworksBuildPhase section */

/* Begin PBXGroup section */
		550FB5FF2C20C9D300CAF47F = {
			isa = PBXGroup;
			children = (
				550FB60A2C20C9D300CAF47F /* FlightBar */,
				550FB6092C20C9D300CAF47F /* Products */,
			);
			sourceTree = "<group>";
		};
		550FB6092C20C9D300CAF47F /* Products */ = {
			isa = PBXGroup;
			children = (
				550FB6082C20C9D300CAF47F /* FlightBar.app */,
			);
			name = Products;
			sourceTree = "<group>";
		};
		550FB60A2C20C9D300CAF47F /* FlightBar */ = {
			isa = PBXGroup;
			children = (
				550FB61C2C21543A00CAF47F /* Info.plist */,
				550FB60B2C20C9D300CAF47F /* FlightBarApp.swift */,
				550FB60D2C20C9D300CAF47F /* ContentView.swift */,
				550FB60F2C20C9D400CAF47F /* Assets.xcassets */,
				550FB6142C20C9D400CAF47F /* FlightBar.entitlements */,
				550FB6112C20C9D400CAF47F /* Preview Content */,
				550FB61A2C214BA600CAF47F /* FlightViewModel.swift */,
				5585F20A2C222FC500F20A4B /* MenuBarView.swift */,
				5585F20C2C22300000F20A4B /* DetailsView.swift */,
				5543793D2C23609B000AA9D9 /* Color.swift */,
			);
			path = FlightBar;
			sourceTree = "<group>";
		};
		550FB6112C20C9D400CAF47F /* Preview Content */ = {
			isa = PBXGroup;
			children = (
				550FB6122C20C9D400CAF47F /* Preview Assets.xcassets */,
			);
			path = "Preview Content";
			sourceTree = "<group>";
		};
/* End PBXGroup section */

/* Begin PBXNativeTarget section */
		550FB6072C20C9D300CAF47F /* FlightBar */ = {
			isa = PBXNativeTarget;
			buildConfigurationList = 550FB6172C20C9D400CAF47F /* Build configuration list for PBXNativeTarget "FlightBar" */;
			buildPhases = (
				550FB6042C20C9D300CAF47F /* Sources */,
				550FB6052C20C9D300CAF47F /* Frameworks */,
				550FB6062C20C9D300CAF47F /* Resources */,
			);
			buildRules = (
			);
			dependencies = (
			);
			name = FlightBar;
			productName = FlightBar;
			productReference = 550FB6082C20C9D300CAF47F /* FlightBar.app */;
			productType = "com.apple.product-type.application";
		};
/* End PBXNativeTarget section */

/* Begin PBXProject section */
		550FB6002C20C9D300CAF47F /* Project object */ = {
			isa = PBXProject;
			attributes = {
				BuildIndependentTargetsInParallel = 1;
				LastSwiftUpdateCheck = 1540;
				LastUpgradeCheck = 1540;
				TargetAttributes = {
					550FB6072C20C9D300CAF47F = {
						CreatedOnToolsVersion = 15.4;
					};
				};
			};
			buildConfigurationList = 550FB6032C20C9D300CAF47F /* Build configuration list for PBXProject "FlightBar" */;
			compatibilityVersion = "Xcode 14.0";
			developmentRegion = en;
			hasScannedForEncodings = 0;
			knownRegions = (
				en,
				Base,
			);
			mainGroup = 550FB5FF2C20C9D300CAF47F;
			productRefGroup = 550FB6092C20C9D300CAF47F /* Products */;
			projectDirPath = "";
			projectRoot = "";
			targets = (
				550FB6072C20C9D300CAF47F /* FlightBar */,
			);
		};
/* End PBXProject section */

/* Begin PBXResourcesBuildPhase section */
		550FB6062C20C9D300CAF47F /* Resources */ = {
			isa = PBXResourcesBuildPhase;
			buildActionMask = 2147483647;
			files = (
				550FB6132C20C9D400CAF47F /* Preview Assets.xcassets in Resources */,
				550FB6102C20C9D400CAF47F /* Assets.xcassets in Resources */,
			);
			runOnlyForDeploymentPostprocessing = 0;
		};
/* End PBXResourcesBuildPhase section */

/* Begin PBXSourcesBuildPhase section */
		550FB6042C20C9D300CAF47F /* Sources */ = {
			isa = PBXSourcesBuildPhase;
			buildActionMask = 2147483647;
			files = (
				550FB61B2C214BA600CAF47F /* FlightViewModel.swift in Sources */,
				5585F20D2C22300000F20A4B /* DetailsView.swift in Sources */,
				5585F20B2C222FC500F20A4B /* MenuBarView.swift in Sources */,
				550FB60E2C20C9D300CAF47F /* ContentView.swift in Sources */,
				550FB60C2C20C9D300CAF47F /* FlightBarApp.swift in Sources */,
				5543793E2C23609B000AA9D9 /* Color.swift in Sources */,
			);
			runOnlyForDeploymentPostprocessing = 0;
		};
/* End PBXSourcesBuildPhase section */

/* Begin XCBuildConfiguration section */
		550FB6152C20C9D400CAF47F /* Debug */ = {
			isa = XCBuildConfiguration;
			buildSettings = {
				ALWAYS_SEARCH_USER_PATHS = NO;
				ASSETCATALOG_COMPILER_GENERATE_SWIFT_ASSET_SYMBOL_EXTENSIONS = YES;
				CLANG_ANALYZER_NONNULL = YES;
				CLANG_ANALYZER_NUMBER_OBJECT_CONVERSION = YES_AGGRESSIVE;
				CLANG_CXX_LANGUAGE_STANDARD = "gnu++20";
				CLANG_ENABLE_MODULES = YES;
				CLANG_ENABLE_OBJC_ARC = YES;
				CLANG_ENABLE_OBJC_WEAK = YES;
				CLANG_WARN_BLOCK_CAPTURE_AUTORELEASING = YES;
				CLANG_WARN_BOOL_CONVERSION = YES;
				CLANG_WARN_COMMA = YES;
				CLANG_WARN_CONSTANT_CONVERSION = YES;
				CLANG_WARN_DEPRECATED_OBJC_IMPLEMENTATIONS = YES;
				CLANG_WARN_DIRECT_OBJC_ISA_USAGE = YES_ERROR;
				CLANG_WARN_DOCUMENTATION_COMMENTS = YES;
				CLANG_WARN_EMPTY_BODY = YES;
				CLANG_WARN_ENUM_CONVERSION = YES;
				CLANG_WARN_INFINITE_RECURSION = YES;
				CLANG_WARN_INT_CONVERSION = YES;
				CLANG_WARN_NON_LITERAL_NULL_CONVERSION = YES;
				CLANG_WARN_OBJC_IMPLICIT_RETAIN_SELF = YES;
				CLANG_WARN_OBJC_LITERAL_CONVERSION = YES;
				CLANG_WARN_OBJC_ROOT_CLASS = YES_ERROR;
				CLANG_WARN_QUOTED_INCLUDE_IN_FRAMEWORK_HEADER = YES;
				CLANG_WARN_RANGE_LOOP_ANALYSIS = YES;
				CLANG_WARN_STRICT_PROTOTYPES = YES;
				CLANG_WARN_SUSPICIOUS_MOVE = YES;
				CLANG_WARN_UNGUARDED_AVAILABILITY = YES_AGGRESSIVE;
				CLANG_WARN_UNREACHABLE_CODE = YES;
				CLANG_WARN__DUPLICATE_METHOD_MATCH = YES;
				COPY_PHASE_STRIP = NO;
				DEBUG_INFORMATION_FORMAT = dwarf;
				ENABLE_STRICT_OBJC_MSGSEND = YES;
				ENABLE_TESTABILITY = YES;
				ENABLE_USER_SCRIPT_SANDBOXING = YES;
				GCC_C_LANGUAGE_STANDARD = gnu17;
				GCC_DYNAMIC_NO_PIC = NO;
				GCC_NO_COMMON_BLOCKS = YES;
				GCC_OPTIMIZATION_LEVEL = 0;
				GCC_PREPROCESSOR_DEFINITIONS = (
					"DEBUG=1",
					"$(inherited)",
				);
				GCC_WARN_64_TO_32_BIT_CONVERSION = YES;
				GCC_WARN_ABOUT_RETURN_TYPE = YES_ERROR;
				GCC_WARN_UNDECLARED_SELECTOR = YES;
				GCC_WARN_UNINITIALIZED_AUTOS = YES_AGGRESSIVE;
				GCC_WARN_UNUSED_FUNCTION = YES;
				GCC_WARN_UNUSED_VARIABLE = YES;
				LOCALIZATION_PREFERS_STRING_CATALOGS = YES;
				MACOSX_DEPLOYMENT_TARGET = 14.5;
				MTL_ENABLE_DEBUG_INFO = INCLUDE_SOURCE;
				MTL_FAST_MATH = YES;
				ONLY_ACTIVE_ARCH = YES;
				SDKROOT = macosx;
				SWIFT_ACTIVE_COMPILATION_CONDITIONS = "DEBUG $(inherited)";
				SWIFT_OPTIMIZATION_LEVEL = "-Onone";
			};
			name = Debug;
		};
		550FB6162C20C9D400CAF47F /* Release */ = {
			isa = XCBuildConfiguration;
			buildSettings = {
				ALWAYS_SEARCH_USER_PATHS = NO;
				ASSETCATALOG_COMPILER_GENERATE_SWIFT_ASSET_SYMBOL_EXTENSIONS = YES;
				CLANG_ANALYZER_NONNULL = YES;
				CLANG_ANALYZER_NUMBER_OBJECT_CONVERSION = YES_AGGRESSIVE;
				CLANG_CXX_LANGUAGE_STANDARD = "gnu++20";
				CLANG_ENABLE_MODULES = YES;
				CLANG_ENABLE_OBJC_ARC = YES;
				CLANG_ENABLE_OBJC_WEAK = YES;
				CLANG_WARN_BLOCK_CAPTURE_AUTORELEASING = YES;
				CLANG_WARN_BOOL_CONVERSION = YES;
				CLANG_WARN_COMMA = YES;
				CLANG_WARN_CONSTANT_CONVERSION = YES;
				CLANG_WARN_DEPRECATED_OBJC_IMPLEMENTATIONS = YES;
				CLANG_WARN_DIRECT_OBJC_ISA_USAGE = YES_ERROR;
				CLANG_WARN_DOCUMENTATION_COMMENTS = YES;
				CLANG_WARN_EMPTY_BODY = YES;
				CLANG_WARN_ENUM_CONVERSION = YES;
				CLANG_WARN_INFINITE_RECURSION = YES;
				CLANG_WARN_INT_CONVERSION = YES;
				CLANG_WARN_NON_LITERAL_NULL_CONVERSION = YES;
				CLANG_WARN_OBJC_IMPLICIT_RETAIN_SELF = YES;
				CLANG_WARN_OBJC_LITERAL_CONVERSION = YES;
				CLANG_WARN_OBJC_ROOT_CLASS = YES_ERROR;
				CLANG_WARN_QUOTED_INCLUDE_IN_FRAMEWORK_HEADER = YES;
				CLANG_WARN_RANGE_LOOP_ANALYSIS = YES;
				CLANG_WARN_STRICT_PROTOTYPES = YES;
				CLANG_WARN_SUSPICIOUS_MOVE = YES;
				CLANG_WARN_UNGUARDED_AVAILABILITY = YES_AGGRESSIVE;
				CLANG_WARN_UNREACHABLE_CODE = YES;
				CLANG_WARN__DUPLICATE_METHOD_MATCH = YES;
				COPY_PHASE_STRIP = NO;
				DEBUG_INFORMATION_FORMAT = "dwarf-with-dsym";
				ENABLE_NS_ASSERTIONS = NO;
				ENABLE_STRICT_OBJC_MSGSEND = YES;
				ENABLE_USER_SCRIPT_SANDBOXING = YES;
				GCC_C_LANGUAGE_STANDARD = gnu17;
				GCC_NO_COMMON_BLOCKS = YES;
				GCC_WARN_64_TO_32_BIT_CONVERSION = YES;
				GCC_WARN_ABOUT_RETURN_TYPE = YES_ERROR;
				GCC_WARN_UNDECLARED_SELECTOR = YES;
				GCC_WARN_UNINITIALIZED_AUTOS = YES_AGGRESSIVE;
				GCC_WARN_UNUSED_FUNCTION = YES;
				GCC_WARN_UNUSED_VARIABLE = YES;
				LOCALIZATION_PREFERS_STRING_CATALOGS = YES;
				MACOSX_DEPLOYMENT_TARGET = 14.5;
				MTL_ENABLE_DEBUG_INFO = NO;
				MTL_FAST_MATH = YES;
				SDKROOT = macosx;
				SWIFT_COMPILATION_MODE = wholemodule;
			};
			name = Release;
		};
		550FB6182C20C9D400CAF47F /* Debug */ = {
			isa = XCBuildConfiguration;
			buildSettings = {
				ASSETCATALOG_COMPILER_APPICON_NAME = AppIcon;
				ASSETCATALOG_COMPILER_GLOBAL_ACCENT_COLOR_NAME = AccentColor;
				CODE_SIGN_ENTITLEMENTS = FlightBar/FlightBar.entitlements;
				"CODE_SIGN_IDENTITY[sdk=macosx*]" = "Apple Development";
				CODE_SIGN_STYLE = Automatic;
				COMBINE_HIDPI_IMAGES = YES;
				CURRENT_PROJECT_VERSION = 1;
				DEVELOPMENT_ASSET_PATHS = "\"FlightBar/Preview Content\"";
				DEVELOPMENT_TEAM = LHYYYJ83Y8;
				ENABLE_HARDENED_RUNTIME = YES;
				ENABLE_PREVIEWS = YES;
				GENERATE_INFOPLIST_FILE = YES;
				INFOPLIST_FILE = FlightBar/Info.plist;
				INFOPLIST_KEY_NSHumanReadableCopyright = "";
				LD_RUNPATH_SEARCH_PATHS = (
					"$(inherited)",
					"@executable_path/../Frameworks",
				);
				MARKETING_VERSION = 1.0;
				PRODUCT_BUNDLE_IDENTIFIER = com.rajveersodhi.FlightBar;
				PRODUCT_NAME = "$(TARGET_NAME)";
				SWIFT_EMIT_LOC_STRINGS = YES;
				SWIFT_VERSION = 5.0;
			};
			name = Debug;
		};
		550FB6192C20C9D400CAF47F /* Release */ = {
			isa = XCBuildConfiguration;
			buildSettings = {
				ASSETCATALOG_COMPILER_APPICON_NAME = AppIcon;
				ASSETCATALOG_COMPILER_GLOBAL_ACCENT_COLOR_NAME = AccentColor;
				CODE_SIGN_ENTITLEMENTS = FlightBar/FlightBar.entitlements;
				"CODE_SIGN_IDENTITY[sdk=macosx*]" = "Apple Development";
				CODE_SIGN_STYLE = Automatic;
				COMBINE_HIDPI_IMAGES = YES;
				CURRENT_PROJECT_VERSION = 1;
				DEVELOPMENT_ASSET_PATHS = "\"FlightBar/Preview Content\"";
				DEVELOPMENT_TEAM = LHYYYJ83Y8;
				ENABLE_HARDENED_RUNTIME = YES;
				ENABLE_PREVIEWS = YES;
				GENERATE_INFOPLIST_FILE = YES;
				INFOPLIST_FILE = FlightBar/Info.plist;
				INFOPLIST_KEY_NSHumanReadableCopyright = "";
				LD_RUNPATH_SEARCH_PATHS = (
					"$(inherited)",
					"@executable_path/../Frameworks",
				);
				MARKETING_VERSION = 1.0;
				PRODUCT_BUNDLE_IDENTIFIER = com.rajveersodhi.FlightBar;
				PRODUCT_NAME = "$(TARGET_NAME)";
				SWIFT_EMIT_LOC_STRINGS = YES;
				SWIFT_VERSION = 5.0;
			};
			name = Release;
		};
/* End XCBuildConfiguration section */

/* Begin XCConfigurationList section */
		550FB6032C20C9D300CAF47F /* Build configuration list for PBXProject "FlightBar" */ = {
			isa = XCConfigurationList;
			buildConfigurations = (
				550FB6152C20C9D400CAF47F /* Debug */,
				550FB6162C20C9D400CAF47F /* Release */,
			);
			defaultConfigurationIsVisible = 0;
			defaultConfigurationName = Release;
		};
		550FB6172C20C9D400CAF47F /* Build configuration list for PBXNativeTarget "FlightBar" */ = {
			isa = XCConfigurationList;
			buildConfigurations = (
				550FB6182C20C9D400CAF47F /* Debug */,
				550FB6192C20C9D400CAF47F /* Release */,
			);
			defaultConfigurationIsVisible = 0;
			defaultConfigurationName = Release;
		};
/* End XCConfigurationList section */
	};
	rootObject = 550FB6002C20C9D300CAF47F /* Project object */;
}
